# This file is automatically @generated by Poetry 2.3.3 and should not be changed by hand.

[[package]]
name = "asgiref"
version = "3.12.1"
description = "ASGI specs, helper code, and adapters"
optional = false
python-versions = ">=3.10"
groups = ["main"]
files = [
    {file = "asgiref-3.12.1-py3-none-any.whl", hash = "sha256:fe386d1c2bff7259ea95929266d12a8cf9a8b5a1c2598402967d8792e7a7c094"},
    {file = "asgiref-3.12.1.tar.gz", hash = "sha256:59dcb51c272ad209d59bed5708a64a333083e86017d7fcdd67498eeab7784340"},
]

[package.extras]
mypy = ["mypy (>=1.14.0)"]
tests = ["pytest", "pytest-asyncio"]

[[package]]
name = "django"
version = "6.1.1"
description = "A high-level Python web framework that encourages rapid development and clean, pragmatic design."
optional = false
python-versions = ">=3.12"
groups = ["main"]
files = [
    {file = "django-6.1.1-py3-none-any.whl", hash = "sha256:585fb82bf15053c42cf52e67c2f1b54a032dca384759315fd6678ab1870d1d72"},
    {file = "django-6.1.1.tar.gz", hash = "sha256:7ab93536d8e677aa14554c56426290c69480bf2ee68d7513d4a22f57d6bfeb84"},
]

[package.dependencies]
asgiref = ">=3.9.1"
sqlparse = ">=0.5.0"
tzdata = {version = "*", markers = "sys_platform == \"win32\""}

[package.extras]
argon2 = ["argon2-cffi (>=23.1.0)"]
bcrypt = ["bcrypt (>=4.1.1)"]

[[package]]
name = "django-dotenv"
version = "1.4.2"
description = "foreman reads from .env. manage.py doesn't. Let's fix that."
optional = false
python-versions = "*"
groups = ["main"]
files = [
    {file = "django-dotenv-1.4.2.tar.gz", hash = "sha256:3812bb0f4876cf31f902aad140f0645e120e51ee30eb7c40c22050f58a0e4adb"},
    {file = "django_dotenv-1.4.2-py2.py3-none-any.whl", hash = "sha256:a9b1b40a70bd321acd231926acedb9bd2c5e873e33a1873b34a7276d196a765e"},
]

[[package]]
name = "djangorestframework"
version = "3.18.1"
description = "Web APIs for Django, made easy."
optional = false
python-versions = ">=3.10"
groups = ["main"]
files = [
    {file = "djangorestframework-3.18.1-py3-none-any.whl", hash = "sha256:f1409d698967aaf82d5d98d76b549c8fba8bd92ebd0d83d24454508f72168dc2"},
    {file = "djangorestframework-3.18.1.tar.gz", hash = "sha256:605d79fa2ec2f02905492e5ea13d903c2d842d0b4c915a57f7bf02ab9f3c91dd"},
]

[package.dependencies]
django = ">=5.2"

[[package]]
name = "isort"
version = "9.0.2"
description = "A Python utility / library to sort Python imports."
optional = false
python-versions = ">=3.10.0"
groups = ["dev"]
files = [
    {file = "isort-9.0.2-cp310-cp310-macosx_11_0_arm64.whl", hash = "sha256:b3e81cae981a52f94d5b31a474e1cbb033ea9cc850bc4c922117c0534a1864dd"},
    {file = "isort-9.0.2-cp310-cp310-manylinux2014_x86_64.manylinux_2_17_x86_64.manylinux_2_28_x86_64.whl", hash = "sha256:3cd67d39c3501d7227e8b229476da1d8679c03e0af97bd295876cf7070e5b709"},
    {file = "isort-9.0.2-cp310-cp310-musllinux_1_2_x86_64.whl", hash = "sha256:288a320e6d52ba2d3447345390c8a8400591e4033ffbe4ce6bc3e50e5b4818e1"},
    {file = "isort-9.0.2-cp310-cp310-win_amd64.whl", hash = "sha256:67b12d9504e5bc6359bb3bb4493f36cf1093d15477c61c349f52f7d04209fb5d"},
    {file = "isort-9.0.2-cp311-cp311-macosx_11_0_arm64.whl", hash = "sha256:e4a54aed1bb731d7cf80ef5dfbae5b960f777cea70523b751ee6049bcb604371"},
    {file = "isort-9.0.2-cp311-cp311-manylinux2014_x86_64.manylinux_2_17_x86_64.manylinux_2_28_x86_64.whl", hash = "sha256:b34a165cd4e25726930ed2eed8cf2fe46fb1a5ebacd9b28eaf566b343a6457ca"},
    {file = "isort-9.0.2-cp311-cp311-musllinux_1_2_x86_64.whl", hash = "sha256:5c929e8ec9d9fb83f034d5f50895503f40c624605f552b97ad090a37e62407ca"},
    {file = "isort-9.0.2-cp311-cp311-win_amd64.whl", hash = "sha256:5f448510ef0a92fa626a975759d76bdbe3b721c3d615da6d1010cc451de5610d"},
    {file = "isort-9.0.2-cp312-cp312-macosx_11_0_arm64.whl", hash = "sha256:a05dc63cb6ae2a8e62ec4184153f424b1650593e00a24e6138184c46193891e9"},
    {file = "isort-9.0.2-cp312-cp312-manylinux2014_x86_64.manylinux_2_17_x86_64.manylinux_2_28_x86_64.whl", hash = "sha256:af8be0b5cac101202c8255360e5de832ebbb84b2e863dc0f65dbb1a3d63dd40a"},
    {file = "isort-9.0.2-cp312-cp312-musllinux_1_2_x86_64.whl", hash = "sha256:3fe693c1e56781de387a6c206306e9e5e560cfeb4acdfd85f0c46122afd48792"},
    {file = "isort-9.0.2-cp312-cp312-win_amd64.whl", hash = "sha256:f7a9efeb3689c7327a0d637eb4e12691e8d5ab1297caee997b144dc595ccb93f"},
    {file = "isort-9.0.2-cp313-cp313-macosx_11_0_arm64.whl", hash = "sha256:f65ff614632ddc3306c40f619717b3b3ca69938ffee21d97110056d52472c79a"},
    {file = "isort-9.0.2-cp313-cp313-manylinux2014_x86_64.manylinux_2_17_x86_64.manylinux_2_28_x86_64.whl", hash = "sha256:e5f11c7ccd5f079ac0431fe52c7b38ea5d9f4e31a1889746de81dac0e7b0a766"},
    {file = "isort-9.0.2-cp313-cp313-musllinux_1_2_x86_64.whl", hash = "sha256:810561edf6f1f5f3600f02aa709603a4360d5290c5fff2ae4b370090dd1a5445"},
    {file = "isort-9.0.2-cp313-cp313-pyemscripten_2025_0_wasm32.whl", hash = "sha256:e2636222848a48cadbd712280058b5da19fa147c501132e04a486a5bddcc9e28"},
    {file = "isort-9.0.2-cp313-cp313-win_amd64.whl", hash = "sha256:71870ac3b1afdf3c259b8404c05076d3ab874122fec6f78339f1c92d2c29b012"},
    {file = "isort-9.0.2-cp314-cp314-macosx_11_0_arm64.whl", hash = "sha256:bd8c4fb9829a5e7117d9f71f540ff1e8caafb471e574012057ce6dc35fda2d7b"},
    {file = "isort-9.0.2-cp314-cp314-manylinux2014_x86_64.manylinux_2_17_x86_64.manylinux_2_28_x86_64.whl", hash = "sha256:6eb3e714d64de6eba78ee29051f7fc80613c74e90c6f54f84082f59c429c0a0b"},
    {file = "isort-9.0.2-cp314-cp314-musllinux_1_2_x86_64.whl", hash = "sha256:bf3ef0a91974f29f406e25eef0e04781fd5c2254b8ab55e7655b20d8cd7c5514"},
    {file = "isort-9.0.2-cp314-cp314-pyemscripten_2026_0_wasm32.whl", hash = "sha256:cd1e0e5e61497e95a4e5be269088e6a1013f530aeccf6ebd6134f403285ecd63"},
    {file = "isort-9.0.2-cp314-cp314-win_amd64.whl", hash = "sha256:11da67a30f5a88383c71db075488ca3d081f427f53368f90bb1d74e958a9b040"},
    {file = "isort-9.0.2-cp314-cp314t-macosx_11_0_arm64.whl", hash = "sha256:f7c2fa33e1c9fbcf9fd639997e4550515c0b712b52ed70a059124a5247825480"},
    {file = "isort-9.0.2-cp314-cp314t-manylinux2014_x86_64.manylinux_2_17_x86_64.manylinux_2_28_x86_64.whl", hash = "sha256:85e859fd72e50c27306d05185f9472ed97fae9e1cce91c0e891260d16f2ecece"},
    {file = "isort-9.0.2-cp314-cp314t-musllinux_1_2_x86_64.whl", hash = "sha256:2a960e4252ac5b00f78adc0f731529e122657ee642e650896b36e1ff83028023"},
    {file = "isort-9.0.2-cp314-cp314t-win_amd64.whl", hash = "sha256:91b60ce3d96fcb0730d61fc5ab84ee5b56d676fbb92550f7ea333f58778f2f20"},
    {file = "isort-9.0.2-cp315-cp315-macosx_11_0_arm64.whl", hash = "sha256:aa810daf72ff5d8ade462b2190dad9c0e16d6d428a3f9aea210f14cca2487d58"},
    {file = "isort-9.0.2-cp315-cp315-manylinux2014_x86_64.manylinux_2_17_x86_64.manylinux_2_28_x86_64.whl", hash = "sha256:8dde4e2d9cfb35390437353f0861ec41378f91ff958d8cd3051fb95cae59315a"},
    {file = "isort-9.0.2-cp315-cp315-musllinux_1_2_x86_64.whl", hash = "sha256:4315e23e701bb1fcdfd364da59da61d78c3332c554318b7eb635ea3924d24c5e"},
    {file = "isort-9.0.2-cp315-cp315-pyemscripten_2026_5_wasm32.whl", hash = "sha256:1c134ef9d94943eae14bf31c634db1904dd875e6e7280a60baee10ca06132db6"},
    {file = "isort-9.0.2-cp315-cp315-win_amd64.whl", hash = "sha256:d4da51a99dfd00e5c51e507ed91ebad6aafd44dc65135c17e2ef37355cd9fa98"},
    {file = "isort-9.0.2-cp315-cp315t-macosx_11_0_arm64.whl", hash = "sha256:16436aefeebe3aa2d5d7ae1ca895b2278f770fc4a41d95c22569a30f7413ec45"},
    {file = "isort-9.0.2-cp315-cp315t-manylinux2014_x86_64.manylinux_2_17_x86_64.manylinux_2_28_x86_64.whl", hash = "sha256:a36f30b6b85d9726f79c7623d35f3e966d5d7d9d0a005af91ba19988fccd038b"},
    {file = "isort-9.0.2-cp315-cp315t-musllinux_1_2_x86_64.whl", hash = "sha256:d03c68e9d0a83b51ed381d04b0919f2d918fb66c1ca1766761157ff44149366f"},
    {file = "isort-9.0.2-cp315-cp315t-win_amd64.whl", hash = "sha256:29669ea6c410528ffe3b632a41835757f08282257e4ddac892a5e6d01bd35201"},
    {file = "isort-9.0.2-py3-none-any.whl", hash = "sha256:6c29deeb39698a8717823b7f75b2ac58c5e8ab8dcf6cf31205a72a6617fb454e"},
    {file = "isort-9.0.2.tar.gz", hash = "sha256:d2298980ce44350f11d9d24c8150eaef1883431ec203dddbb4e9b5c3ceb54c70"},
]

[package.dependencies]
mypy-extensions = ">=1.1.0"

[package.extras]
colors = ["colorama"]

[[package]]
name = "mypy-extensions"
version = "1.1.0"
description = "Type system extensions for programs checked with the mypy type checker."
optional = false
python-versions = ">=3.8"
groups = ["dev"]
files = [
    {file = "mypy_extensions-1.1.0-py3-none-any.whl", hash = "sha256:1be4cccdb0f2482337c4743e60421de3a356cd97508abadd57d47403e94f5505"},
    {file = "mypy_extensions-1.1.0.tar.gz", hash = "sha256:52e68efc3284861e772bbcd66823fde5ae21fd2fdb51c62a211403730b916558"},
]

[[package]]
name = "mysqlclient"
version = "2.3.0"
description = "Python interface to MySQL"
optional = false
python-versions = ">=3.10"
groups = ["main"]
files = [
    {file = "mysqlclient-2.3.0-cp310-cp310-win_amd64.whl", hash = "sha256:3153c5c9538b1fe6363b1c61b7e0d31e8007624bfa3de70dcca00b4d2461ca93"},
    {file = "mysqlclient-2.3.0-cp310-cp310-win_arm64.whl", hash = "sha256:fb94f509834cbe119c93c2b661d6115ff293d5db9300d8a410126923b5960d48"},
    {file = "mysqlclient-2.3.0-cp311-cp311-win_amd64.whl", hash = "sha256:6a691aab1a6d22fb04aa08977ced9ecf0c1c781d0d985f7814972c3626db9390"},
    {file = "mysqlclient-2.3.0-cp311-cp311-win_arm64.whl", hash = "sha256:8b3a5ebc0a2983bc252116dd132ab4c746085fa727b5c98c09edcda09dc09d0f"},
    {file = "mysqlclient-2.3.0-cp312-cp312-win_amd64.whl", hash = "sha256:effb81eb6d1f1df6c1d95f63f117bec5007e9c64487e9fa17d5696f2a5338358"},
    {file = "mysqlclient-2.3.0-cp312-cp312-win_arm64.whl", hash = "sha256:7c3c4b3edcc7dc50d23fb5634e0e82bce8ab7de5b83d03fddc1c9979c18607a4"},
    {file = "mysqlclient-2.3.0-cp313-cp313-win_amd64.whl", hash = "sha256:60365cce6765b94eeb621aa0f9505044ec9b4ea191cd68500f0a35b2d6d2758b"},
    {file = "mysqlclient-2.3.0-cp313-cp313-win_arm64.whl", hash = "sha256:a6beb9ca67a9224ff4b45f7f9118f0932038fa38d59ca2e38ae35b5225984d7d"},
    {file = "mysqlclient-2.3.0-cp314-cp314-win_amd64.whl", hash = "sha256:5d4c53eb9c5625dd68b6fed32c8cf00ba19cd1c3073645dec309a9d16bd029e2"},
    {file = "mysqlclient-2.3.0-cp314-cp314-win_arm64.whl", hash = "sha256:cfe14103280d5a4968fe8a3ace2a8939ef68a1d881aec9872d06746106b49f7f"},
    {file = "mysqlclient-2.3.0-cp314-cp314t-win_amd64.whl", hash = "sha256:673891700dafbc66a6a8df12059b53a65905ec6e8dec615392fb984299880c0d"},
    {file = "mysqlclient-2.3.0-cp314-cp314t-win_arm64.whl", hash = "sha256:fe27c63ba9088b28467bf276f93f0b4a9062beabaeeb9692593e774d1146cce2"},
    {file = "mysqlclient-2.3.0-cp315-cp315-win_amd64.whl", hash = "sha256:3c601984c286c51080e0d3e9a857bc014713e6338b5f9c0a5df453a341b14022"},
    {file = "mysqlclient-2.3.0-cp315-cp315-win_arm64.whl", hash = "sha256:3d39527a5525b4ebff99721d063f4fe9e459b9e437c7b7698374966d92d4355d"},
    {file = "mysqlclient-2.3.0-cp315-cp315t-win_amd64.whl", hash = "sha256:24164ba592065ae5ff0149bb5707d05772335935059474fb75d864e5d0f94d63"},
    {file = "mysqlclient-2.3.0-cp315-cp315t-win_arm64.whl", hash = "sha256:f1ec49f73dad7df8f2da4d9de0f875f03c8bd44fbe77878522204c0646822f63"},
    {file = "mysqlclient-2.3.0.tar.gz", hash = "sha256:bea8294964266f6486f1ca514ccfcdbc54d4fe0d32882b38c1d4594df870be8b"},
]

[[package]]
name = "sqlparse"
version = "0.6.0"
description = "A non-validating SQL parser."
optional = false
python-versions = ">=3.10"
groups = ["main"]
files = [
    {file = "sqlparse-0.6.0-py3-none-any.whl", hash = "sha256:b861c0288ce2fa56209a9a6412d2e066ac664b3873b89c26c9d8415e8e32996f"},
    {file = "sqlparse-0.6.0.tar.gz", hash = "sha256:113c35c75365ab9cc9c7231d68c6428fb11c085fc8e9eb1ad659b7ddbf6cd2b9"},
]

[package.extras]
dev = ["build"]
doc = ["furo", "sphinx"]

[[package]]
name = "tzdata"
version = "2026.3"
description = "Provider of IANA time zone data"
optional = false
python-versions = ">=2"
groups = ["main"]
markers = "sys_platform == \"win32\""
files = [
    {file = "tzdata-2026.3-py2.py3-none-any.whl", hash = "sha256:dc096730c87af6cab1b171c9d532be840741ff5d459015e7f6947bd7d7e54931"},
    {file = "tzdata-2026.3.tar.gz", hash = "sha256:4a1518b8993086a7982523e071643f3c0e5f213e75b21318e78bcabfff9d1415"},
]

[metadata]
lock-version = "2.1"
python-versions = ">=3.14, <4.0"
content-hash = "a799027970d3b0ebbad911af8f1e59da6dad0ccf474d2a7698d2d53d293aff64"
